
Microsoft Visual Studio Solution File, Format Version 12.00
# Visual Studio Version 16
VisualStudioVersion = 16.0.29519.87
MinimumVisualStudioVersion = 10.0.40219.1
Project("{FAE04EC0-301F-11D3-BF4B-00C04F79EFBC}") = "bo", "bo\bo.csproj", "{2397CFB1-027E-4191-A0EE-8BD98329BF74}"
EndProject
Project("{FAE04EC0-301F-11D3-BF4B-00C04F79EFBC}") = "rest", "rest\rest.csproj", "{EF74045A-424A-4880-AA43-013F4EDFB0B9}"
EndProject
Project("{FAE04EC0-301F-11D3-BF4B-00C04F79EFBC}") = "fo", "fo\fo.csproj", "{54950384-1BA8-4DE8-9F6D-E81303476352}"
EndProject
Global
	GlobalSection(SolutionConfigurationPlatforms) = preSolution
		Debug|Any CPU = Debug|Any CPU
		Release|Any CPU = Release|Any CPU
	EndGlobalSection
	GlobalSection(ProjectConfigurationPlatforms) = postSolution
		{2397CFB1-027E-4191-A0EE-8BD98329BF74}.Debug|Any CPU.ActiveCfg = Debug|Any CPU
		{2397CFB1-027E-4191-A0EE-8BD98329BF74}.Debug|Any CPU.Build.0 = Debug|Any CPU
		{2397CFB1-027E-4191-A0EE-8BD98329BF74}.Release|Any CPU.ActiveCfg = Release|Any CPU
		{2397CFB1-027E-4191-A0EE-8BD98329BF74}.Release|Any CPU.Build.0 = Release|Any CPU
		{EF74045A-424A-4880-AA43-013F4EDFB0B9}.Debug|Any CPU.ActiveCfg = Debug|Any CPU
		{EF74045A-424A-4880-AA43-013F4EDFB0B9}.Debug|Any CPU.Build.0 = Debug|Any CPU
		{EF74045A-424A-4880-AA43-013F4EDFB0B9}.Release|Any CPU.ActiveCfg = Release|Any CPU
		{EF74045A-424A-4880-AA43-013F4EDFB0B9}.Release|Any CPU.Build.0 = Release|Any CPU
		{54950384-1BA8-4DE8-9F6D-E81303476352}.Debug|Any CPU.ActiveCfg = Debug|Any CPU
		{54950384-1BA8-4DE8-9F6D-E81303476352}.Debug|Any CPU.Build.0 = Debug|Any CPU
		{54950384-1BA8-4DE8-9F6D-E81303476352}.Release|Any CPU.ActiveCfg = Release|Any CPU
		{54950384-1BA8-4DE8-9F6D-E81303476352}.Release|Any CPU.Build.0 = Release|Any CPU
	EndGlobalSection
	GlobalSection(SolutionProperties) = preSolution
		HideSolutionNode = FALSE
	EndGlobalSection
	GlobalSection(ExtensibilityGlobals) = postSolution
		SolutionGuid = {558373E3-F263-4682-B381-ADA4265ECC8D}
	EndGlobalSection
EndGlobal
